
Microsoft Visual Studio Solution File, Format Version 11.00
# Visual Studio 2010
Project("{FAE04EC0-301F-11D3-BF4B-00C04F79EFBC}") = "QuanLyTrangTrai", "QuanLyTrangTrai\QuanLyTrangTrai.csproj", "{1DD57CB0-67C7-4BFB-A6B3-D4E5406EC979}"
EndProject
Project("{2150E333-8FDC-42A3-9474-1A3956D46DE8}") = "Solution Items", "Solution Items", "{E730DA50-632E-4179-9C04-818CE292419F}"
	ProjectSection(SolutionItems) = preProject
		Local.testsettings = Local.testsettings
		QuanLyTrangTrai1.vsmdi = QuanLyTrangTrai1.vsmdi
		TraceAndTestImpact.testsettings = TraceAndTestImpact.testsettings
	EndProjectSection
EndProject
Global
	GlobalSection(TestCaseManagementSettings) = postSolution
		CategoryFile = QuanLyTrangTrai1.vsmdi
	EndGlobalSection
	GlobalSection(SolutionConfigurationPlatforms) = preSolution
		Debug|Any CPU = Debug|Any CPU
		Debug|Mixed Platforms = Debug|Mixed Platforms
		Debug|x86 = Debug|x86
		Release|Any CPU = Release|Any CPU
		Release|Mixed Platforms = Release|Mixed Platforms
		Release|x86 = Release|x86
	EndGlobalSection
	GlobalSection(ProjectConfigurationPlatforms) = postSolution
		{1DD57CB0-67C7-4BFB-A6B3-D4E5406EC979}.Debug|Any CPU.ActiveCfg = Debug|x86
		{1DD57CB0-67C7-4BFB-A6B3-D4E5406EC979}.Debug|Mixed Platforms.ActiveCfg = Debug|x86
		{1DD57CB0-67C7-4BFB-A6B3-D4E5406EC979}.Debug|Mixed Platforms.Build.0 = Debug|x86
		{1DD57CB0-67C7-4BFB-A6B3-D4E5406EC979}.Debug|x86.ActiveCfg = Debug|x86
		{1DD57CB0-67C7-4BFB-A6B3-D4E5406EC979}.Debug|x86.Build.0 = Debug|x86
		{1DD57CB0-67C7-4BFB-A6B3-D4E5406EC979}.Release|Any CPU.ActiveCfg = Release|x86
		{1DD57CB0-67C7-4BFB-A6B3-D4E5406EC979}.Release|Mixed Platforms.ActiveCfg = Release|x86
		{1DD57CB0-67C7-4BFB-A6B3-D4E5406EC979}.Release|Mixed Platforms.Build.0 = Release|x86
		{1DD57CB0-67C7-4BFB-A6B3-D4E5406EC979}.Release|x86.ActiveCfg = Release|x86
		{1DD57CB0-67C7-4BFB-A6B3-D4E5406EC979}.Release|x86.Build.0 = Release|x86
	EndGlobalSection
	GlobalSection(SolutionProperties) = preSolution
		HideSolutionNode = FALSE
	EndGlobalSection
EndGlobal
